// !$*UTF8*$!
{
	archiveVersion = 1;
	classes = {};
	objectVersion = 56;
	objects = {
		033581A80D1A86D41AF90F16 = { isa = PBXBuildFile; fileRef = 431C2335361F86940969A02C; };
		03FAA61EE2124409EEA8E726 = { isa = PBXBuildFile; fileRef = 1388EF5F4A4A94DAF0A6D4D4; };
		04856C36DC1377FFECE6EA98 = { isa = PBXFileReference; lastKnownFileType = sourcecode.swift; path = "ShieldConfig.swift"; sourceTree = "<group>"; };
		0591EA50929A8F29F8BEEDC2 = { isa = PBXGroup; children = (34019C4D26241043A9DF4DE6, 6FE15D40BACF155EAC5CB47D, 930E5F80FF8CE0A89315E5A1, A4006C85E94FE79FE5D85746, B0A0DC247FD45C82ED1BD989); name = "Views"; path = "Views"; sourceTree = "<group>"; };
		0699F67BCE1A38D237B431B3 = { isa = PBXFileReference; lastKnownFileType = sourcecode.swift; path = "BackTapGuideView.swift"; sourceTree = "<group>"; };
		06CC6288EB6262E82F46C054 = { isa = PBXBuildFile; fileRef = A8F2E6CDD295431AC0E42738; };
		06D23FB01C163B077F17FD63 = { isa = PBXBuildFile; fileRef = A80BCFF38A04F696077FCE13; };
		0736E01A4F56856D0BA6F03D = { isa = PBXBuildFile; fileRef = BDC70547145386839BEDFFFF; };
		07BFB02EAB9220F8FAE00B4F = { isa = PBXFileReference; lastKnownFileType = sourcecode.swift; path = "ContactPicker.swift"; sourceTree = "<group>"; };
		09B856E3404F7B11BE106DCA = { isa = PBXGroup; children = (AE52EAA28125BA15E0B45440, F4A3B0DDCA29D166C7BA28A9); name = "Logic"; path = "Logic"; sourceTree = "<group>"; };
		0ADE6C4C11FC0BA05F06E799 = { isa = PBXFileReference; lastKnownFileType = sourcecode.swift; path = "HumanSignalHomeField.swift"; sourceTree = "<group>"; };
		0BDFC2392C4F9A401DB5348F = { isa = PBXFileReference; lastKnownFileType = text.xml; path = "PrivacyInfo.xcprivacy"; sourceTree = "<group>"; };
		0D0CDF9C8FC62B0611422BC5 = { isa = PBXGroup; children = (5964E22A203A74E920A47C12); name = "Components"; path = "Components"; sourceTree = "<group>"; };
		0D639C2B4995ABC43508AC1E = { isa = PBXBuildFile; fileRef = 42805A24A240D3746DAF662D; };
		0E58567BD59BB1D6E1C32CE0 = { isa = PBXFileReference; lastKnownFileType = wrapper.framework; name = "CryptoKit.framework"; path = System/Library/Frameworks/CryptoKit.framework; sourceTree = SDKROOT; };
		0E8A3AD980EC179856012B7E = { isa = PBXNativeTarget; buildConfigurationList = 7DE97F2CECB2601227982F09; buildPhases = (F612CD2E22E187AC48B5913C, 69680EDE0CF9B24DB8DBFE04, 86F6FE2DD6E869C1842A14B3); buildRules = (); dependencies = (); name = Anchor; productName = Anchor; productReference = 79C15F0C72EF366725647F6A; productType = "com.apple.product-type.application"; };
		0FBDEE67478EEFA11B021AD1 = { isa = PBXFileReference; lastKnownFileType = sourcecode.swift; path = "BuildWeekAftercareView.swift"; sourceTree = "<group>"; };
		0FC0875EE5AE0320641190EF = { isa = PBXBuildFile; fileRef = F22F6902089884910EBDECD6; };
		10249BEDE1604B09661A17F6 = { isa = PBXBuildFile; fileRef = 1BD1DBA541851FE125CC6030; };
		10C4D2D52BFCA9323788C790 = { isa = PBXFileReference; lastKnownFileType = sourcecode.swift; path = "EmergencyContact.swift"; sourceTree = "<group>"; };
		12A4B3D6AC4FAB9D19A11202 = { isa = PBXFileReference; lastKnownFileType = wrapper.framework; name = "SwiftUI.framework"; path = System/Library/Frameworks/SwiftUI.framework; sourceTree = SDKROOT; };
		1388EF5F4A4A94DAF0A6D4D4 = { isa = PBXFileReference; lastKnownFileType = sourcecode.swift; path = "ActionButtonGuideView.swift"; sourceTree = "<group>"; };
		1945C2C92708B18C46F9A205 = { isa = PBXBuildFile; fileRef = 72A34E7E614F7AB3AB8A1EC6; };
		1BD1DBA541851FE125CC6030 = { isa = PBXFileReference; lastKnownFileType = sourcecode.swift; path = "JournalComposeView.swift"; sourceTree = "<group>"; };
		1C48CE29E4E135EE62951B22 = { isa = PBXGroup; children = (348FA193170FA79FBC54DB57, 533213F0A3E79556DF74A5C5, 7B60358829132CA6E7336F2F, B727B57B7835A5DFC5EFC475, C125CD6FD6C744B3771F66D7, C18CC62DD872F6707BBB135A, CDF877B1D901C3AC122E9D51, E8F94C40DBECEF59BA1AC56A, F22F6902089884910EBDECD6); name = "App"; path = "App"; sourceTree = "<group>"; };
		1C7082DC905FB5967FEAC68C = { isa = PBXBuildFile; fileRef = 6AC91BBF7C513EDD2F5B52BB; };
		1C9D5F3BEE127611D649FAB5 = { isa = PBXGroup; children = (76CC14A0A2A616036464C8D1); name = "ViewModels"; path = "ViewModels"; sourceTree = "<group>"; };
		1D802988E0DF1A3BAE5E7301 = { isa = PBXFileReference; lastKnownFileType = sourcecode.swift; path = "HomeDashboardView.swift"; sourceTree = "<group>"; };
		1EF8540A91E7EEC09DC2CD7A = { isa = PBXGroup; children = (0591EA50929A8F29F8BEEDC2, 09B856E3404F7B11BE106DCA, 6FEBEFBF95F6EFEE32B062CB, 8457957ACAA6CB9858BF14D1); name = "Shield"; path = "Shield"; sourceTree = "<group>"; };
		1F26A8704D8CDB03D5D3D4BB = { isa = PBXGroup; children = (1EF8540A91E7EEC09DC2CD7A, 21A8E6B51088FB234F135D27, 2231C0C5238F9C19685A1A60, 346D548FE56AB5B8C33AD008, 48B6FE73C968E411FE6DBE3E, 7E302CD132CB0C9288FD0013, 950662A3627552F83382A971, A72F1A14EBD57B39ADEB43F4, AF4682CF87DD2B1A8326132E, D8377B4AB01925A340B6662B, E74680E53F3891CD30247774); name = "Features"; path = "Features"; sourceTree = "<group>"; };
		209B04D6B945221BB409C51E = { isa = PBXFileReference; lastKnownFileType = sourcecode.swift; path = "JournalEntryCard.swift"; sourceTree = "<group>"; };
		21A8E6B51088FB234F135D27 = { isa = PBXGroup; children = (99784AB4FC0CEB3A2B87B4C9, BFEB946048300B3942543BDD); name = "Learn"; path = "Learn"; sourceTree = "<group>"; };
		2231C0C5238F9C19685A1A60 = { isa = PBXGroup; children = (AD3AAD0ACA627A24C328B5A8); name = "Setup"; path = "Setup"; sourceTree = "<group>"; };
		2470F188A2FB69F771E684A8 = { isa = PBXBuildFile; fileRef = 0FBDEE67478EEFA11B021AD1; };
		24AD397C335C94BE5346A084 = { isa = PBXFileReference; lastKnownFileType = sourcecode.swift; path = "BuildWeekDesignSystem.swift"; sourceTree = "<group>"; };
		25809B5FA31E2DFCE24CB9A7 = { isa = PBXGroup; children = (0ADE6C4C11FC0BA05F06E799, 24AD397C335C94BE5346A084, B84499015A9338E27D081E5C, C7352D9E7CE5FC37A64615BC); name = "Design"; path = "Design"; sourceTree = "<group>"; };
		264208AD798222E9287765F3 = { isa = PBXFileReference; lastKnownFileType = sourcecode.swift; path = "HomeView.swift"; sourceTree = "<group>"; };
		28CFB641D06FC6570E846A6E = { isa = PBXBuildFile; fileRef = 3074F1AF49C940C27F59CD37; };
		2A3CD1734D4C6A177FF6D0F9 = { isa = PBXFileReference; lastKnownFileType = sourcecode.swift; path = "OpenAIVoice.swift"; sourceTree = "<group>"; };
		2CA2D0ED7C069679AFE407DB = { isa = PBXBuildFile; fileRef = 809AC14C42F93A848D46A2A3; };
		2D17C89EB2C5B87E8B0EC3B6 = { isa = PBXGroup; children = (12A4B3D6AC4FAB9D19A11202, 4679B1B8479DBB4E59EA933C, C098C21FBE6D592AC5E723AB, C007DDBF258DFA999DE7289F, BB0EB652D5FBE6A4EFC9915F, 61421AC3A1E517B9880E7D70, EDEF6E74797027D2A92ADE24, 54F1ADA2727425283EB75060, AC2446436B7AE5A9EC884AD4, 0E58567BD59BB1D6E1C32CE0, FCF069EA8AB291404BAA1D6B); name = Frameworks; sourceTree = "<group>"; };
		2DF9EC094300F24D1F5ABAA8 = { isa = PBXBuildFile; fileRef = 8D9A583692F99CEBEFA4C0AD; };
		304A95663A37C1B30F4F18D9 = { isa = PBXBuildFile; fileRef = 209B04D6B945221BB409C51E; };
		30631FEC97FAD751EB1D7F8E = { isa = PBXGroup; children = (1BD1DBA541851FE125CC6030, 209B04D6B945221BB409C51E, 809AC14C42F93A848D46A2A3, 948634B74BF721035958A44F, CE3B934159C99E86698792BD, EE545E4AD82ED5C9F31CDAC9, F5BC854E1B2CB4B5DBC77D06); name = "Views"; path = "Views"; sourceTree = "<group>"; };
		3074F1AF49C940C27F59CD37 = { isa = PBXFileReference; lastKnownFileType = sourcecode.swift; path = "StudioView.swift"; sourceTree = "<group>"; };
		324962BF682D16EF1B948497 = { isa = PBXGroup; children = (07BFB02EAB9220F8FAE00B4F, 72A34E7E614F7AB3AB8A1EC6, C6B9FE295A010FB5626099A3); name = "Views"; path = "Views"; sourceTree = "<group>"; };
		32AD1C8DC7C3BD6A2192BDF8 = { isa = PBXFileReference; lastKnownFileType = sourcecode.swift; path = "JournalViewModel.swift"; sourceTree = "<group>"; };
		33D53DDFA7BDBAE65E5CA553 = { isa = PBXBuildFile; fileRef = 07BFB02EAB9220F8FAE00B4F; };
		34019C4D26241043A9DF4DE6 = { isa = PBXFileReference; lastKnownFileType = sourcecode.swift; path = "HoldToCloseButton.swift"; sourceTree = "<group>"; };
		346D548FE56AB5B8C33AD008 = { isa = PBXGroup; children = (1C9D5F3BEE127611D649FAB5, 4834548CACD6F04D81BACAAC, 8DD4884688520F781890DB03); name = "Home"; path = "Home"; sourceTree = "<group>"; };
		348FA193170FA79FBC54DB57 = { isa = PBXFileReference; lastKnownFileType = sourcecode.swift; path = "AppRouter.swift"; sourceTree = "<group>"; };
		349D28748CA17815CE659DD8 = { isa = PBXBuildFile; fileRef = 5964E22A203A74E920A47C12; };
		38E6DE2647C1E2D348B7194D = { isa = PBXFileReference; lastKnownFileType = sourcecode.swift; path = "SettingsView.swift"; sourceTree = "<group>"; };
		38F4DE775F41D3D57E9470D3 = { isa = PBXBuildFile; fileRef = 3F564E0C5B0C44E46CAB3F77; };
		39605A95615ACB7873EC46D9 = { isa = PBXBuildFile; fileRef = AB3F08219C1AA05E527D8F35; };
		3B65BA1D143ED39435E4F0EB = { isa = PBXGroup; children = (485BEB6BF0BD34F819646971); name = "ViewModels"; path = "ViewModels"; sourceTree = "<group>"; };
		3BCF3F689B52E48B23AB19EE = { isa = PBXBuildFile; fileRef = 32AD1C8DC7C3BD6A2192BDF8; };
		3D331FAD39D2A5F7D78457F3 = { isa = PBXFileReference; lastKnownFileType = sourcecode.swift; path = "QRArtRenderer.swift"; sourceTree = "<group>"; };
		3F564E0C5B0C44E46CAB3F77 = { isa = PBXFileReference; lastKnownFileType = sourcecode.swift; path = "JournalStorage.swift"; sourceTree = "<group>"; };
		3F7423AB39273D21DEF994BC = { isa = PBXFileReference; lastKnownFileType = sourcecode.swift; path = "ShieldInfoCard.swift"; sourceTree = "<group>"; };
		3FF6FFE101BA7EEE83222075 = { isa = PBXBuildFile; fileRef = 485BEB6BF0BD34F819646971; };
		41205F20D70144EC9B901CA6 = { isa = PBXBuildFile; fileRef = C007DDBF258DFA999DE7289F; };
		4124F3718FC532AC2E5B480E = { isa = PBXBuildFile; fileRef = 8CD9AAED4530C5D4F7C1ABDE; };
		42805A24A240D3746DAF662D = { isa = PBXFileReference; lastKnownFileType = sourcecode.swift; path = "HomeComponentsView.swift"; sourceTree = "<group>"; };
		431C2335361F86940969A02C = { isa = PBXFileReference; lastKnownFileType = sourcecode.swift; path = "QRGenerator.swift"; sourceTree = "<group>"; };
		45852C2BB991800617AB7B42 = { isa = PBXBuildFile; fileRef = 84E05A85307B635DD5C43186; };
		4679B1B8479DBB4E59EA933C = { isa = PBXFileReference; lastKnownFileType = wrapper.framework; name = "UIKit.framework"; path = System/Library/Frameworks/UIKit.framework; sourceTree = SDKROOT; };
		4834548CACD6F04D81BACAAC = { isa = PBXGroup; children = (B34A4ADD94DB640D046EFD3E); name = "Services"; path = "Services"; sourceTree = "<group>"; };
		485BEB6BF0BD34F819646971 = { isa = PBXFileReference; lastKnownFileType = sourcecode.swift; path = "StudioViewModel.swift"; sourceTree = "<group>"; };
		48B6FE73C968E411FE6DBE3E = { isa = PBXGroup; children = (30631FEC97FAD751EB1D7F8E, 838A4C61C918B31948246D58, BC671FFEAF97128F7BF59207); name = "Journal"; path = "Journal"; sourceTree = "<group>"; };
		50BF838DFAAA98B315BE2096 = { isa = PBXBuildFile; fileRef = BB0EB652D5FBE6A4EFC9915F; };
		50E1AC38112F7B1C765FBF59 = { isa = PBXBuildFile; fileRef = E1C87DCB9726258358692EB3; };
		5151B46607EBC8890D8DFCC2 = { isa = PBXGroup; children = (79C15F0C72EF366725647F6A); name = Products; sourceTree = "<group>"; };
		533213F0A3E79556DF74A5C5 = { isa = PBXFileReference; lastKnownFileType = sourcecode.swift; path = "SettingsStore.swift"; sourceTree = "<group>"; };
		54F1ADA2727425283EB75060 = { isa = PBXFileReference; lastKnownFileType = wrapper.framework; name = "MediaPlayer.framework"; path = System/Library/Frameworks/MediaPlayer.framework; sourceTree = SDKROOT; };
		582F424568B52785EA8B53EB = { isa = PBXBuildFile; fileRef = 7B60358829132CA6E7336F2F; };
		5964E22A203A74E920A47C12 = { isa = PBXFileReference; lastKnownFileType = sourcecode.swift; path = "GeometricFlowerView.swift"; sourceTree = "<group>"; };
		5E2D6E7D243325BDA16E1598 = { isa = PBXBuildFile; fileRef = 0699F67BCE1A38D237B431B3; };
		5F567507BB68807CD02F2F30 = { isa = PBXBuildFile; fileRef = B11ECEECD9832EB80818AB36; };
		5F7E9345C27EE59CCADE687F = { isa = PBXBuildFile; fileRef = B84499015A9338E27D081E5C; };
		60022219FDA72D566000CF3A = { isa = PBXBuildFile; fileRef = 1D802988E0DF1A3BAE5E7301; };
		6112A4765CFAB0BC8403FC94 = { isa = PBXBuildFile; fileRef = 948634B74BF721035958A44F; };
		61421AC3A1E517B9880E7D70 = { isa = PBXFileReference; lastKnownFileType = wrapper.framework; name = "ContactsUI.framework"; path = System/Library/Frameworks/ContactsUI.framework; sourceTree = SDKROOT; };
		6430E4D472ACBCE5F1A08B29 = { isa = PBXBuildFile; fileRef = 533213F0A3E79556DF74A5C5; };
		6650A2B5E24FA7522CE6B81C = { isa = XCConfigurationList; buildConfigurations = (D12546C7310DEE778E55E187, AA23A758EC6A71B7321371F8); defaultConfigurationIsVisible = 0; defaultConfigurationName = Release; };
		6677DF3E8AB7D7E8FB93D2CD = { isa = PBXBuildFile; fileRef = F4A3B0DDCA29D166C7BA28A9; };
		672A447F66B84F73FA9DBD8A = { isa = PBXBuildFile; fileRef = AC2446436B7AE5A9EC884AD4; };
		682FC564936564E8BF1FFF35 = { isa = PBXBuildFile; fileRef = F5BC854E1B2CB4B5DBC77D06; };
		68E77A9D7BC78A97D4F4E27B = { isa = PBXFileReference; lastKnownFileType = text.plist.xml; path = "Info.plist"; sourceTree = "<group>"; };
		69680EDE0CF9B24DB8DBFE04 = { isa = PBXFrameworksBuildPhase; buildActionMask = 2147483647; files = (CFD4076D5213B080F9D055CD, 76FA15FE42433B60A1B7E9AE, CF7FD2F81ABC60AE5D8E07E5, 41205F20D70144EC9B901CA6, 50BF838DFAAA98B315BE2096, A1F7D589B08C2218F1AC4891, CEF5311F7F9082421522BF4E, F73BF6AA2B4CC8507D12BCFC, 672A447F66B84F73FA9DBD8A, DDCE417E0A92E6DCA3270D34, F894EF609794DD9286A1D6E6); runOnlyForDeploymentPostprocessing = 0; };
		6AC91BBF7C513EDD2F5B52BB = { isa = PBXFileReference; lastKnownFileType = sourcecode.swift; path = "BuildWeekContactEditor.swift"; sourceTree = "<group>"; };
		6B7071CFDDC100998300644A = { isa = PBXBuildFile; fileRef = F5EBAC55ADFFF5DCCB3F1968; };
		6C36FFE920F24CEDB7CFDBFC = { isa = PBXFileReference; lastKnownFileType = folder.assetcatalog; path = "Assets.xcassets"; sourceTree = "<group>"; };
		6DA744926B010AB088863DE6 = { isa = PBXBuildFile; fileRef = FA9C7A47F9A5E829025D5DD6; };
		6E581F0D958D5283557ACB91 = { isa = PBXBuildFile; fileRef = EA58D6F16A3F1A3A197253A8; };
		6EE67047A4B2648DDBB08231 = { isa = PBXGroup; children = (8D9A583692F99CEBEFA4C0AD, 9029694710568D14ECF0329D); name = "Services"; path = "Services"; sourceTree = "<group>"; };
		6EFA49F6AD8AB0A9C7B4FECD = { isa = PBXGroup; children = (3074F1AF49C940C27F59CD37, 92B83CFF18A4653901AE1EE4, BDC70547145386839BEDFFFF); name = "Views"; path = "Views"; sourceTree = "<group>"; };
		6F8CCB52A2F9E7650E0DD443 = { isa = PBXFileReference; lastKnownFileType = sourcecode.swift; path = "LearnView.swift"; sourceTree = "<group>"; };
		6FE15D40BACF155EAC5CB47D = { isa = PBXGroup; children = (3F7423AB39273D21DEF994BC); name = "Components"; path = "Components"; sourceTree = "<group>"; };
		6FEBEFBF95F6EFEE32B062CB = { isa = PBXGroup; children = (04856C36DC1377FFECE6EA98, 2A3CD1734D4C6A177FF6D0F9, A80BCFF38A04F696077FCE13); name = "Models"; path = "Models"; sourceTree = "<group>"; };
		700960C2E22242C9EAFB5C55 = { isa = PBXBuildFile; fileRef = 930E5F80FF8CE0A89315E5A1; };
		72A34E7E614F7AB3AB8A1EC6 = { isa = PBXFileReference; lastKnownFileType = sourcecode.swift; path = "EmergencyContactCard.swift"; sourceTree = "<group>"; };
		7353D3DEA0B6614A5C12F973 = { isa = PBXBuildFile; fileRef = 38E6DE2647C1E2D348B7194D; };
		76982140C7342970252468CA = { isa = PBXFileReference; lastKnownFileType = sourcecode.swift; path = "DeployShieldButton.swift"; sourceTree = "<group>"; };
		76CC14A0A2A616036464C8D1 = { isa = PBXFileReference; lastKnownFileType = sourcecode.swift; path = "HomeViewModel.swift"; sourceTree = "<group>"; };
		76FA15FE42433B60A1B7E9AE = { isa = PBXBuildFile; fileRef = 4679B1B8479DBB4E59EA933C; };
		780DAD240140CBCD5D108BF0 = { isa = PBXBuildFile; fileRef = 76CC14A0A2A616036464C8D1; };
		79C15F0C72EF366725647F6A = { isa = PBXFileReference; explicitFileType = wrapper.application; includeInIndex = 0; path = Anchor.app; sourceTree = BUILT_PRODUCTS_DIR; };
		7B60358829132CA6E7336F2F = { isa = PBXFileReference; lastKnownFileType = sourcecode.swift; path = "MainTabView.swift"; sourceTree = "<group>"; };
		7DE97F2CECB2601227982F09 = { isa = XCConfigurationList; buildConfigurations = (E1698793B8B09B32821D3120, FFACE85B9B63AB569355131D); defaultConfigurationIsVisible = 0; defaultConfigurationName = Release; };
		7E302CD132CB0C9288FD0013 = { isa = PBXGroup; children = (25809B5FA31E2DFCE24CB9A7, E2B4FCFCCBF4DAFE5E4D9D29); name = "BuildWeek"; path = "BuildWeek"; sourceTree = "<group>"; };
		7E636EB99A0196FBF079E101 = { isa = PBXBuildFile; fileRef = 264208AD798222E9287765F3; };
		8089AE697CC9ACEC240EA41D = { isa = PBXGroup; children = (10C4D2D52BFCA9323788C790, C630BB6D35E23F1F721672C2); name = "Models"; path = "Models"; sourceTree = "<group>"; };
		809AC14C42F93A848D46A2A3 = { isa = PBXFileReference; lastKnownFileType = sourcecode.swift; path = "JournalView.swift"; sourceTree = "<group>"; };
		80E3315A51717E7D717C33E0 = { isa = PBXFileReference; lastKnownFileType = sourcecode.swift; path = "OneMinuteAnchorView.swift"; sourceTree = "<group>"; };
		81D9E21720D25D039D56E630 = { isa = PBXBuildFile; fileRef = C125CD6FD6C744B3771F66D7; };
		838A4C61C918B31948246D58 = { isa = PBXGroup; children = (32AD1C8DC7C3BD6A2192BDF8); name = "ViewModels"; path = "ViewModels"; sourceTree = "<group>"; };
		8457957ACAA6CB9858BF14D1 = { isa = PBXGroup; children = (3D331FAD39D2A5F7D78457F3, 431C2335361F86940969A02C, DD843DF1A437037F2A80F40E, EA58D6F16A3F1A3A197253A8); name = "Services"; path = "Services"; sourceTree = "<group>"; };
		8496D9ABD4C2C5DBD7E5A1F3 = { isa = PBXGroup; children = (0D0CDF9C8FC62B0611422BC5, 8CD9AAED4530C5D4F7C1ABDE); name = "Views"; path = "Views"; sourceTree = "<group>"; };
		84E05A85307B635DD5C43186 = { isa = PBXFileReference; lastKnownFileType = sourcecode.swift; path = "DesignSystem.swift"; sourceTree = "<group>"; };
		86F6FE2DD6E869C1842A14B3 = { isa = PBXResourcesBuildPhase; buildActionMask = 2147483647; files = (B42CDFF5977EB2567D883CFE, 6DA744926B010AB088863DE6, 90B723937F19B2A6938FA049); runOnlyForDeploymentPostprocessing = 0; };
		8CCB00FF2BE93444ABA0705A = { isa = PBXGroup; children = (38E6DE2647C1E2D348B7194D); name = "Views"; path = "Views"; sourceTree = "<group>"; };
		8CD9AAED4530C5D4F7C1ABDE = { isa = PBXFileReference; lastKnownFileType = sourcecode.swift; path = "BreathingView.swift"; sourceTree = "<group>"; };
		8D92304E74ED8898D8E92713 = { isa = PBXFileReference; lastKnownFileType = sourcecode.swift; path = "LearnContent.swift"; sourceTree = "<group>"; };
		8D9A583692F99CEBEFA4C0AD = { isa = PBXFileReference; lastKnownFileType = sourcecode.swift; path = "SystemServices.swift"; sourceTree = "<group>"; };
		8DD4884688520F781890DB03 = { isa = PBXGroup; children = (1D802988E0DF1A3BAE5E7301, 264208AD798222E9287765F3, 9161C50BA7F84D0A86F87B45); name = "Views"; path = "Views"; sourceTree = "<group>"; };
		8EAB8D48085617F35D13A6AE = { isa = PBXBuildFile; fileRef = 10C4D2D52BFCA9323788C790; };
		9029694710568D14ECF0329D = { isa = PBXFileReference; lastKnownFileType = sourcecode.swift; path = "ShareActivityView.swift"; sourceTree = "<group>"; };
		909934735556683CB019D16C = { isa = PBXBuildFile; fileRef = B0A0DC247FD45C82ED1BD989; };
		90B723937F19B2A6938FA049 = { isa = PBXBuildFile; fileRef = 0BDFC2392C4F9A401DB5348F; };
		9161C50BA7F84D0A86F87B45 = { isa = PBXGroup; children = (42805A24A240D3746DAF662D, 76982140C7342970252468CA); name = "Components"; path = "Components"; sourceTree = "<group>"; };
		922CC8A1B4376AC2F47C878A = { isa = PBXBuildFile; fileRef = 04856C36DC1377FFECE6EA98; };
		92B83CFF18A4653901AE1EE4 = { isa = PBXFileReference; lastKnownFileType = sourcecode.swift; path = "HistoryView.swift"; sourceTree = "<group>"; };
		92B865A960ABBDA70F27A34C = { isa = PBXBuildFile; fileRef = C18CC62DD872F6707BBB135A; };
		930E5F80FF8CE0A89315E5A1 = { isa = PBXFileReference; lastKnownFileType = sourcecode.swift; path = "ShieldView.swift"; sourceTree = "<group>"; };
		932FAC598E1C586FF147CE9A = { isa = PBXBuildFile; fileRef = AE52EAA28125BA15E0B45440; };
		948634B74BF721035958A44F = { isa = PBXFileReference; lastKnownFileType = sourcecode.swift; path = "CrisisInsightCard.swift"; sourceTree = "<group>"; };
		950662A3627552F83382A971 = { isa = PBXGroup; children = (3B65BA1D143ED39435E4F0EB, 6EFA49F6AD8AB0A9C7B4FECD); name = "Studio"; path = "Studio"; sourceTree = "<group>"; };
		96538CD53E1B23D0CFA91F1D = { isa = PBXBuildFile; fileRef = 348FA193170FA79FBC54DB57; };
		96D3DECEDE85F6F6843F0B70 = { isa = PBXBuildFile; fileRef = 9029694710568D14ECF0329D; };
		9841C310BEACBD68B765E0EC = { isa = PBXBuildFile; fileRef = 2A3CD1734D4C6A177FF6D0F9; };
		98F54143AB4E86B28C3AFEE0 = { isa = PBXProject; attributes = {
    BuildIndependentTargetsInParallel = 1;
    LastUpgradeCheck = 2700;
    TargetAttributes = { 0E8A3AD980EC179856012B7E = { CreatedOnToolsVersion = 27.0; LastSwiftMigration = 2700; }; };
  }; buildConfigurationList = 6650A2B5E24FA7522CE6B81C; compatibilityVersion = "Xcode 14.0"; developmentRegion = en; hasScannedForEncodings = 0; knownRegions = (en, Base); mainGroup = ADCF10F76EBF2A74473E9DC4; productRefGroup = 5151B46607EBC8890D8DFCC2; projectDirPath = ""; projectRoot = ""; targets = (0E8A3AD980EC179856012B7E); };
		99784AB4FC0CEB3A2B87B4C9 = { isa = PBXGroup; children = (8D92304E74ED8898D8E92713); name = "Models"; path = "Models"; sourceTree = "<group>"; };
		9B258B70EC19D51FC4A0FE05 = { isa = PBXBuildFile; fileRef = CDF877B1D901C3AC122E9D51; };
		9C371848EF34078587541343 = { isa = PBXBuildFile; fileRef = 92B83CFF18A4653901AE1EE4; };
		9CEA6FF2CD3B81187CCC9331 = { isa = PBXFileReference; lastKnownFileType = sourcecode.swift; path = "PanicIntroView.swift"; sourceTree = "<group>"; };
		9D1B58ADDBC252F8278107E5 = { isa = PBXGroup; children = (B11ECEECD9832EB80818AB36); name = "Stores"; path = "Stores"; sourceTree = "<group>"; };
		A024F06580C79B7582C3806A = { isa = PBXGroup; children = (FA9C7A47F9A5E829025D5DD6); path = Resources; sourceTree = "<group>"; };
		A1250B93D77D82847CB2A060 = { isa = PBXBuildFile; fileRef = B34A4ADD94DB640D046EFD3E; };
		A1A14B6C3A1AF9098C302E8C = { isa = PBXFileReference; lastKnownFileType = sourcecode.swift; path = "TutorialCardSwiper.swift"; sourceTree = "<group>"; };
		A1F7D589B08C2218F1AC4891 = { isa = PBXBuildFile; fileRef = 61421AC3A1E517B9880E7D70; };
		A28C792E6B6D478FDD8AAB1D = { isa = PBXBuildFile; fileRef = 3F7423AB39273D21DEF994BC; };
		A306C38E11AC44B722035983 = { isa = PBXBuildFile; fileRef = C6B9FE295A010FB5626099A3; };
		A4006C85E94FE79FE5D85746 = { isa = PBXFileReference; lastKnownFileType = sourcecode.swift; path = "ShieldQRCodeView.swift"; sourceTree = "<group>"; };
		A508DFEE096BC73128A8FADE = { isa = PBXBuildFile; fileRef = C7352D9E7CE5FC37A64615BC; };
		A69867B55CE3D23811919EFC = { isa = PBXBuildFile; fileRef = E8F94C40DBECEF59BA1AC56A; };
		A71C9B430FC7A9D1BEFF3A1A = { isa = PBXBuildFile; fileRef = A4006C85E94FE79FE5D85746; };
		A72F1A14EBD57B39ADEB43F4 = { isa = PBXGroup; children = (84E05A85307B635DD5C43186); name = "Design"; path = "Design"; sourceTree = "<group>"; };
		A805E64ED1055E87BE5AAF8D = { isa = PBXBuildFile; fileRef = EE545E4AD82ED5C9F31CDAC9; };
		A80BCFF38A04F696077FCE13 = { isa = PBXFileReference; lastKnownFileType = sourcecode.swift; path = "ShieldQRPayload.swift"; sourceTree = "<group>"; };
		A8F2E6CDD295431AC0E42738 = { isa = PBXFileReference; lastKnownFileType = sourcecode.swift; path = "BuildWeekShieldView.swift"; sourceTree = "<group>"; };
		AA23A758EC6A71B7321371F8 = { isa = XCBuildConfiguration; buildSettings = {
    CLANG_ENABLE_MODULES = YES;
    IPHONEOS_DEPLOYMENT_TARGET = 17.0;
    SDKROOT = iphoneos;
    SWIFT_VERSION = 5.0;
  }; name = Release; };
		AB3F08219C1AA05E527D8F35 = { isa = PBXFileReference; lastKnownFileType = sourcecode.swift; path = "SetupWizardView.swift"; sourceTree = "<group>"; };
		AC2446436B7AE5A9EC884AD4 = { isa = PBXFileReference; lastKnownFileType = wrapper.framework; name = "CoreImage.framework"; path = System/Library/Frameworks/CoreImage.framework; sourceTree = SDKROOT; };
		AD3AAD0ACA627A24C328B5A8 = { isa = PBXGroup; children = (0699F67BCE1A38D237B431B3, 1388EF5F4A4A94DAF0A6D4D4, 9CEA6FF2CD3B81187CCC9331, A1A14B6C3A1AF9098C302E8C, AB3F08219C1AA05E527D8F35); name = "Views"; path = "Views"; sourceTree = "<group>"; };
		ADCF10F76EBF2A74473E9DC4 = { isa = PBXGroup; children = (1C48CE29E4E135EE62951B22, 1F26A8704D8CDB03D5D3D4BB, 6EE67047A4B2648DDBB08231, 6C36FFE920F24CEDB7CFDBFC, A024F06580C79B7582C3806A, 68E77A9D7BC78A97D4F4E27B, 0BDFC2392C4F9A401DB5348F, 2D17C89EB2C5B87E8B0EC3B6, 5151B46607EBC8890D8DFCC2); sourceTree = "<group>"; };
		AE52EAA28125BA15E0B45440 = { isa = PBXFileReference; lastKnownFileType = sourcecode.swift; path = "ShieldShortcuts.swift"; sourceTree = "<group>"; };
		AF4682CF87DD2B1A8326132E = { isa = PBXGroup; children = (8496D9ABD4C2C5DBD7E5A1F3); name = "Breathing"; path = "Breathing"; sourceTree = "<group>"; };
		B0A0DC247FD45C82ED1BD989 = { isa = PBXFileReference; lastKnownFileType = sourcecode.swift; path = "QRThemeEditorView.swift"; sourceTree = "<group>"; };
		B11ECEECD9832EB80818AB36 = { isa = PBXFileReference; lastKnownFileType = sourcecode.swift; path = "EmergencyContactStore.swift"; sourceTree = "<group>"; };
		B34A4ADD94DB640D046EFD3E = { isa = PBXFileReference; lastKnownFileType = sourcecode.swift; path = "ReadinessService.swift"; sourceTree = "<group>"; };
		B42CDFF5977EB2567D883CFE = { isa = PBXBuildFile; fileRef = 6C36FFE920F24CEDB7CFDBFC; };
		B727B57B7835A5DFC5EFC475 = { isa = PBXFileReference; lastKnownFileType = sourcecode.swift; path = "AppDelegate.swift"; sourceTree = "<group>"; };
		B84499015A9338E27D081E5C = { isa = PBXFileReference; lastKnownFileType = sourcecode.swift; path = "LivingGeometryField.swift"; sourceTree = "<group>"; };
		BB0EB652D5FBE6A4EFC9915F = { isa = PBXFileReference; lastKnownFileType = wrapper.framework; name = "AppIntents.framework"; path = System/Library/Frameworks/AppIntents.framework; sourceTree = SDKROOT; };
		BC671FFEAF97128F7BF59207 = { isa = PBXGroup; children = (3F564E0C5B0C44E46CAB3F77); name = "Services"; path = "Services"; sourceTree = "<group>"; };
		BDC70547145386839BEDFFFF = { isa = PBXFileReference; lastKnownFileType = sourcecode.swift; path = "SaveVersionSheet.swift"; sourceTree = "<group>"; };
		BF6E2FFCDACBD8E5B19FF65B = { isa = PBXBuildFile; fileRef = 6F8CCB52A2F9E7650E0DD443; };
		BFEB946048300B3942543BDD = { isa = PBXGroup; children = (6F8CCB52A2F9E7650E0DD443); name = "Views"; path = "Views"; sourceTree = "<group>"; };
		C007DDBF258DFA999DE7289F = { isa = PBXFileReference; lastKnownFileType = wrapper.framework; name = "Combine.framework"; path = System/Library/Frameworks/Combine.framework; sourceTree = SDKROOT; };
		C098C21FBE6D592AC5E723AB = { isa = PBXFileReference; lastKnownFileType = wrapper.framework; name = "Foundation.framework"; path = System/Library/Frameworks/Foundation.framework; sourceTree = SDKROOT; };
		C125CD6FD6C744B3771F66D7 = { isa = PBXFileReference; lastKnownFileType = sourcecode.swift; path = "ContentView.swift"; sourceTree = "<group>"; };
		C16A574D681FF0C9A09DE788 = { isa = PBXBuildFile; fileRef = 9CEA6FF2CD3B81187CCC9331; };
		C18CC62DD872F6707BBB135A = { isa = PBXFileReference; lastKnownFileType = sourcecode.swift; path = "RuntimeEnvironment.swift"; sourceTree = "<group>"; };
		C630BB6D35E23F1F721672C2 = { isa = PBXFileReference; lastKnownFileType = sourcecode.swift; path = "EmergencyContactDraft.swift"; sourceTree = "<group>"; };
		C6B9FE295A010FB5626099A3 = { isa = PBXFileReference; lastKnownFileType = sourcecode.swift; path = "EmergencyContactEditor.swift"; sourceTree = "<group>"; };
		C6EB3F908FB0C580E7112A0D = { isa = PBXBuildFile; fileRef = 3D331FAD39D2A5F7D78457F3; };
		C7352D9E7CE5FC37A64615BC = { isa = PBXFileReference; lastKnownFileType = sourcecode.swift; path = "ResponsiveShelterField.swift"; sourceTree = "<group>"; };
		CDF877B1D901C3AC122E9D51 = { isa = PBXFileReference; lastKnownFileType = sourcecode.swift; path = "MyApp.swift"; sourceTree = "<group>"; };
		CE3B934159C99E86698792BD = { isa = PBXFileReference; lastKnownFileType = sourcecode.swift; path = "CalendarFilterSheet.swift"; sourceTree = "<group>"; };
		CEF5311F7F9082421522BF4E = { isa = PBXBuildFile; fileRef = EDEF6E74797027D2A92ADE24; };
		CF7FD2F81ABC60AE5D8E07E5 = { isa = PBXBuildFile; fileRef = C098C21FBE6D592AC5E723AB; };
		CFD4076D5213B080F9D055CD = { isa = PBXBuildFile; fileRef = 12A4B3D6AC4FAB9D19A11202; };
		D12546C7310DEE778E55E187 = { isa = XCBuildConfiguration; buildSettings = {
    CLANG_ENABLE_MODULES = YES;
    IPHONEOS_DEPLOYMENT_TARGET = 17.0;
    SDKROOT = iphoneos;
    SWIFT_VERSION = 5.0;
  }; name = Debug; };
		D51FE9D4AE1628533982A1A8 = { isa = PBXFileReference; lastKnownFileType = sourcecode.swift; path = "ResponsiveThemePickerView.swift"; sourceTree = "<group>"; };
		D7E8B291EE00256CC6F92441 = { isa = PBXBuildFile; fileRef = C630BB6D35E23F1F721672C2; };
		D8377B4AB01925A340B6662B = { isa = PBXGroup; children = (324962BF682D16EF1B948497, 8089AE697CC9ACEC240EA41D, 9D1B58ADDBC252F8278107E5); name = "Contact"; path = "Contact"; sourceTree = "<group>"; };
		DD843DF1A437037F2A80F40E = { isa = PBXFileReference; lastKnownFileType = sourcecode.swift; path = "ShieldVoiceLibrary.swift"; sourceTree = "<group>"; };
		DDCE417E0A92E6DCA3270D34 = { isa = PBXBuildFile; fileRef = 0E58567BD59BB1D6E1C32CE0; };
		DE106525FB193F81822D769D = { isa = PBXBuildFile; fileRef = D51FE9D4AE1628533982A1A8; };
		E1698793B8B09B32821D3120 = { isa = XCBuildConfiguration; buildSettings = {
    ASSETCATALOG_COMPILER_APPICON_NAME = AppIcon;
    CODE_SIGN_STYLE = Automatic;
    CURRENT_PROJECT_VERSION = 1;
    GENERATE_INFOPLIST_FILE = NO;
    INFOPLIST_FILE = Info.plist;
    IPHONEOS_DEPLOYMENT_TARGET = 17.0;
    MARKETING_VERSION = 1.1;
    PRODUCT_BUNDLE_IDENTIFIER = com.Ryunosuke.AnchorBuildWeek;
    PRODUCT_NAME = Anchor;
    SDKROOT = iphoneos;
    SUPPORTED_PLATFORMS = "iphoneos iphonesimulator";
    SUPPORTS_MACCATALYST = NO;
    SWIFT_VERSION = 5.0;
    TARGETED_DEVICE_FAMILY = 1;
    ENABLE_PREVIEWS = YES;
  }; name = Debug; };
		E1C87DCB9726258358692EB3 = { isa = PBXFileReference; lastKnownFileType = sourcecode.swift; path = "BuildWeekHomeView.swift"; sourceTree = "<group>"; };
		E2B4FCFCCBF4DAFE5E4D9D29 = { isa = PBXGroup; children = (0FBDEE67478EEFA11B021AD1, 6AC91BBF7C513EDD2F5B52BB, 80E3315A51717E7D717C33E0, A8F2E6CDD295431AC0E42738, D51FE9D4AE1628533982A1A8, E1C87DCB9726258358692EB3, F23E9B2F8C092CB18120D8E9, F5EBAC55ADFFF5DCCB3F1968); name = "Views"; path = "Views"; sourceTree = "<group>"; };
		E493CCFE1A16FF8931571660 = { isa = PBXBuildFile; fileRef = B727B57B7835A5DFC5EFC475; };
		E62517C23DA17165EA61CA8A = { isa = PBXBuildFile; fileRef = 34019C4D26241043A9DF4DE6; };
		E74680E53F3891CD30247774 = { isa = PBXGroup; children = (8CCB00FF2BE93444ABA0705A); name = "Settings"; path = "Settings"; sourceTree = "<group>"; };
		E8F94C40DBECEF59BA1AC56A = { isa = PBXFileReference; lastKnownFileType = sourcecode.swift; path = "PortraitOnlyContainer.swift"; sourceTree = "<group>"; };
		EA449DD8E8B314A207FBFF61 = { isa = PBXBuildFile; fileRef = 8D92304E74ED8898D8E92713; };
		EA58D6F16A3F1A3A197253A8 = { isa = PBXFileReference; lastKnownFileType = sourcecode.swift; path = "ShieldStorage.swift"; sourceTree = "<group>"; };
		EC7BC1B1151FBB49BB9F0DB9 = { isa = PBXBuildFile; fileRef = A1A14B6C3A1AF9098C302E8C; };
		EDEF6E74797027D2A92ADE24 = { isa = PBXFileReference; lastKnownFileType = wrapper.framework; name = "AVFoundation.framework"; path = System/Library/Frameworks/AVFoundation.framework; sourceTree = SDKROOT; };
		EE5096F4BB2B69CFBB3E25AB = { isa = PBXBuildFile; fileRef = 0ADE6C4C11FC0BA05F06E799; };
		EE545E4AD82ED5C9F31CDAC9 = { isa = PBXFileReference; lastKnownFileType = sourcecode.swift; path = "JournalBentoGrid.swift"; sourceTree = "<group>"; };
		F099747EEB5D00B6F363096D = { isa = PBXBuildFile; fileRef = F23E9B2F8C092CB18120D8E9; };
		F22F6902089884910EBDECD6 = { isa = PBXFileReference; lastKnownFileType = sourcecode.swift; path = "AppRoutes.swift"; sourceTree = "<group>"; };
		F23E9B2F8C092CB18120D8E9 = { isa = PBXFileReference; lastKnownFileType = sourcecode.swift; path = "ResponsiveResetView.swift"; sourceTree = "<group>"; };
		F279FB04388A8B9EE8C6DBEE = { isa = PBXBuildFile; fileRef = 80E3315A51717E7D717C33E0; };
		F4A3B0DDCA29D166C7BA28A9 = { isa = PBXFileReference; lastKnownFileType = sourcecode.swift; path = "ShieldEngine.swift"; sourceTree = "<group>"; };
		F5BC854E1B2CB4B5DBC77D06 = { isa = PBXFileReference; lastKnownFileType = sourcecode.swift; path = "MoodHeatmapView.swift"; sourceTree = "<group>"; };
		F5EBAC55ADFFF5DCCB3F1968 = { isa = PBXFileReference; lastKnownFileType = sourcecode.swift; path = "BuildWeekVoiceSettingsView.swift"; sourceTree = "<group>"; };
		F612CD2E22E187AC48B5913C = { isa = PBXSourcesBuildPhase; buildActionMask = 2147483647; files = (E493CCFE1A16FF8931571660, 96538CD53E1B23D0CFA91F1D, 0FC0875EE5AE0320641190EF, 81D9E21720D25D039D56E630, 582F424568B52785EA8B53EB, 9B258B70EC19D51FC4A0FE05, A69867B55CE3D23811919EFC, 92B865A960ABBDA70F27A34C, 6430E4D472ACBCE5F1A08B29, 4124F3718FC532AC2E5B480E, 349D28748CA17815CE659DD8, FE0818BE2A44047AA9A8D066, EE5096F4BB2B69CFBB3E25AB, 5F7E9345C27EE59CCADE687F, A508DFEE096BC73128A8FADE, 2470F188A2FB69F771E684A8, 1C7082DC905FB5967FEAC68C, 50E1AC38112F7B1C765FBF59, 06CC6288EB6262E82F46C054, 6B7071CFDDC100998300644A, F279FB04388A8B9EE8C6DBEE, F099747EEB5D00B6F363096D, DE106525FB193F81822D769D, 8EAB8D48085617F35D13A6AE, D7E8B291EE00256CC6F92441, 5F567507BB68807CD02F2F30, 33D53DDFA7BDBAE65E5CA553, 1945C2C92708B18C46F9A205, A306C38E11AC44B722035983, 45852C2BB991800617AB7B42, A1250B93D77D82847CB2A060, 780DAD240140CBCD5D108BF0, F8117BDF4ADE064086ADF342, 0D639C2B4995ABC43508AC1E, 60022219FDA72D566000CF3A, 7E636EB99A0196FBF079E101, 38F4DE775F41D3D57E9470D3, 3BCF3F689B52E48B23AB19EE, F96A5BDF6B0B420C5AA5DB48, 6112A4765CFAB0BC8403FC94, A805E64ED1055E87BE5AAF8D, 10249BEDE1604B09661A17F6, 304A95663A37C1B30F4F18D9, 2CA2D0ED7C069679AFE407DB, 682FC564936564E8BF1FFF35, EA449DD8E8B314A207FBFF61, BF6E2FFCDACBD8E5B19FF65B, 7353D3DEA0B6614A5C12F973, 03FAA61EE2124409EEA8E726, 5E2D6E7D243325BDA16E1598, C16A574D681FF0C9A09DE788, 39605A95615ACB7873EC46D9, EC7BC1B1151FBB49BB9F0DB9, 6677DF3E8AB7D7E8FB93D2CD, 932FAC598E1C586FF147CE9A, 9841C310BEACBD68B765E0EC, 922CC8A1B4376AC2F47C878A, 06D23FB01C163B077F17FD63, C6EB3F908FB0C580E7112A0D, 033581A80D1A86D41AF90F16, 6E581F0D958D5283557ACB91, FB24E1F34E0E3BD9F9E1043D, A28C792E6B6D478FDD8AAB1D, E62517C23DA17165EA61CA8A, 909934735556683CB019D16C, A71C9B430FC7A9D1BEFF3A1A, 700960C2E22242C9EAFB5C55, 3FF6FFE101BA7EEE83222075, 9C371848EF34078587541343, 0736E01A4F56856D0BA6F03D, 28CFB641D06FC6570E846A6E, 96D3DECEDE85F6F6843F0B70, 2DF9EC094300F24D1F5ABAA8); runOnlyForDeploymentPostprocessing = 0; };
		F73BF6AA2B4CC8507D12BCFC = { isa = PBXBuildFile; fileRef = 54F1ADA2727425283EB75060; };
		F8117BDF4ADE064086ADF342 = { isa = PBXBuildFile; fileRef = 76982140C7342970252468CA; };
		F894EF609794DD9286A1D6E6 = { isa = PBXBuildFile; fileRef = FCF069EA8AB291404BAA1D6B; };
		F96A5BDF6B0B420C5AA5DB48 = { isa = PBXBuildFile; fileRef = CE3B934159C99E86698792BD; };
		FA9C7A47F9A5E829025D5DD6 = { isa = PBXFileReference; lastKnownFileType = image.jpeg; path = HomeHero.jpg; sourceTree = "<group>"; };
		FB24E1F34E0E3BD9F9E1043D = { isa = PBXBuildFile; fileRef = DD843DF1A437037F2A80F40E; };
		FCF069EA8AB291404BAA1D6B = { isa = PBXFileReference; lastKnownFileType = wrapper.framework; name = "NaturalLanguage.framework"; path = System/Library/Frameworks/NaturalLanguage.framework; sourceTree = SDKROOT; };
		FE0818BE2A44047AA9A8D066 = { isa = PBXBuildFile; fileRef = 24AD397C335C94BE5346A084; };
		FFACE85B9B63AB569355131D = { isa = XCBuildConfiguration; buildSettings = {
    ASSETCATALOG_COMPILER_APPICON_NAME = AppIcon;
    CODE_SIGN_STYLE = Automatic;
    CURRENT_PROJECT_VERSION = 1;
    GENERATE_INFOPLIST_FILE = NO;
    INFOPLIST_FILE = Info.plist;
    IPHONEOS_DEPLOYMENT_TARGET = 17.0;
    MARKETING_VERSION = 1.1;
    PRODUCT_BUNDLE_IDENTIFIER = com.Ryunosuke.AnchorBuildWeek;
    PRODUCT_NAME = Anchor;
    SDKROOT = iphoneos;
    SUPPORTED_PLATFORMS = "iphoneos iphonesimulator";
    SUPPORTS_MACCATALYST = NO;
    SWIFT_VERSION = 5.0;
    TARGETED_DEVICE_FAMILY = 1;
    ENABLE_PREVIEWS = YES;
    SWIFT_COMPILATION_MODE = wholemodule;
  }; name = Release; };
	};
	rootObject = 98F54143AB4E86B28C3AFEE0;
}
